<?xml version="1.0" encoding="utf-8"?>
<Project ToolsVersion="4.0" xmlns="http://schemas.microsoft.com/developer/msbuild/2003">
  <ItemGroup>
    <Filter Include="Default">
      <UniqueIdentifier>{4452a986-4eb9-4044-869c-4ccc993ce8af}</UniqueIdentifier>
    </Filter>
    <Filter Include="Engine">
      <UniqueIdentifier>{1ed4c214-c52a-48d6-8a73-73b60434fa67}</UniqueIdentifier>
    </Filter>
    <Filter Include="Default\리소스 파일">
      <UniqueIdentifier>{67DA6AB6-F800-4c08-8B7A-83BB121AAD01}</UniqueIdentifier>
      <Extensions>rc;ico;cur;bmp;dlg;rc2;rct;bin;rgs;gif;jpg;jpeg;jpe;resx;tiff;tif;png;wav;mfcribbon-ms</Extensions>
    </Filter>
    <Filter Include="Engine\01. Header">
      <UniqueIdentifier>{c85f0c16-54a2-4035-a78b-59febf1d17ad}</UniqueIdentifier>
    </Filter>
    <Filter Include="Engine\02. Framework">
      <UniqueIdentifier>{3b3b5f0f-1c41-4706-8a0c-a37e71bd58fc}</UniqueIdentifier>
    </Filter>
    <Filter Include="Engine\03. GraphicsPipeline">
      <UniqueIdentifier>{33f2efc9-592c-4c3d-a94c-996925b0f0f4}</UniqueIdentifier>
    </Filter>
    <Filter Include="Main">
      <UniqueIdentifier>{f85d90b8-9f57-44ea-922f-1f100f410bf9}</UniqueIdentifier>
    </Filter>
    <Filter Include="Engine\05. Object">
      <UniqueIdentifier>{aa0c0071-6cda-4bb2-b3d9-429b8e6f3bcc}</UniqueIdentifier>
    </Filter>
    <Filter Include="Engine\05. Object\Cube">
      <UniqueIdentifier>{af3d3d0b-687c-4fd0-a2a6-afc2ae2adfbf}</UniqueIdentifier>
    </Filter>
    <Filter Include="Engine\05. Object\Player">
      <UniqueIdentifier>{c85f17e6-a890-4aff-a9c5-2e7ccd8274fa}</UniqueIdentifier>
    </Filter>
    <Filter Include="Engine\06. Camera">
      <UniqueIdentifier>{e7258d7b-a348-41b9-87df-8982a213bf68}</UniqueIdentifier>
    </Filter>
    <Filter Include="Engine\07. Scene">
      <UniqueIdentifier>{5b172076-5558-49d9-9055-8b63a1c93fba}</UniqueIdentifier>
    </Filter>
    <Filter Include="Engine\04. Mesh">
      <UniqueIdentifier>{0cc5d0e0-3a03-48e0-b48f-1a4db5781050}</UniqueIdentifier>
    </Filter>
  </ItemGroup>
  <ItemGroup>
    <ClInclude Include="Resource.h">
      <Filter>Default</Filter>
    </ClInclude>
    <ClInclude Include="targetver.h">
      <Filter>Default</Filter>
    </ClInclude>
    <ClInclude Include="GraphicsPipeline.h">
      <Filter>Engine\03. GraphicsPipeline</Filter>
    </ClInclude>
    <ClInclude Include="GameFramework.h">
      <Filter>Engine\02. Framework</Filter>
    </ClInclude>
    <ClInclude Include="Camera.h">
      <Filter>Engine\06. Camera</Filter>
    </ClInclude>
    <ClInclude Include="GameObject.h">
      <Filter>Engine\05. Object</Filter>
    </ClInclude>
    <ClInclude Include="Scene.h">
      <Filter>Engine\07. Scene</Filter>
    </ClInclude>
    <ClInclude Include="LabProject01.h">
      <Filter>Main</Filter>
    </ClInclude>
    <ClInclude Include="Mesh.h">
      <Filter>Engine\04. Mesh</Filter>
    </ClInclude>
    <ClInclude Include="Player.h">
      <Filter>Engine\05. Object\Player</Filter>
    </ClInclude>
    <ClInclude Include="stdafx.h">
      <Filter>Engine\01. Header</Filter>
    </ClInclude>
    <ClInclude Include="Cube.h">
      <Filter>Engine\05. Object\Cube</Filter>
    </ClInclude>
  </ItemGroup>
  <ItemGroup>
    <ClCompile Include="GraphicsPipeline.cpp">
      <Filter>Engine\03. GraphicsPipeline</Filter>
    </ClCompile>
    <ClCompile Include="GameFramework.cpp">
      <Filter>Engine\02. Framework</Filter>
    </ClCompile>
    <ClCompile Include="Camera.cpp">
      <Filter>Engine\06. Camera</Filter>
    </ClCompile>
    <ClCompile Include="GameObject.cpp">
      <Filter>Engine\05. Object</Filter>
    </ClCompile>
    <ClCompile Include="Scene.cpp">
      <Filter>Engine\07. Scene</Filter>
    </ClCompile>
    <ClCompile Include="LabProject01.cpp">
      <Filter>Main</Filter>
    </ClCompile>
    <ClCompile Include="Mesh.cpp">
      <Filter>Engine\04. Mesh</Filter>
    </ClCompile>
    <ClCompile Include="Player.cpp">
      <Filter>Engine\05. Object\Player</Filter>
    </ClCompile>
    <ClCompile Include="define.h">
      <Filter>Engine\01. Header</Filter>
    </ClCompile>
    <ClCompile Include="stdafx.cpp">
      <Filter>Engine\01. Header</Filter>
    </ClCompile>
    <ClCompile Include="Cube.cpp">
      <Filter>Engine\05. Object\Cube</Filter>
    </ClCompile>
  </ItemGroup>
  <ItemGroup>
    <ResourceCompile Include="LabProject01.rc">
      <Filter>Default\리소스 파일</Filter>
    </ResourceCompile>
  </ItemGroup>
  <ItemGroup>
    <Image Include="small.ico">
      <Filter>Default\리소스 파일</Filter>
    </Image>
    <Image Include="LabProject01.ico">
      <Filter>Default\리소스 파일</Filter>
    </Image>
  </ItemGroup>
</Project>